
Microsoft Visual Studio Solution File, Format Version 12.00
# Visual Studio 15
VisualStudioVersion = 15.0.27004.2006
MinimumVisualStudioVersion = 10.0.40219.1
Project("{FAE04EC0-301F-11D3-BF4B-00C04F79EFBC}") = "Hashmap", "Hashmap.csproj", "{E13E5D68-5E9F-47C5-9EB3-15167D60C782}"
EndProject
Project("{FAE04EC0-301F-11D3-BF4B-00C04F79EFBC}") = "HashmapUnitTests", "..\HashmapUnitTests\HashmapUnitTests.csproj", "{634C61B9-55DA-47B2-B673-06712DE5AA86}"
EndProject
Global
	GlobalSection(SolutionConfigurationPlatforms) = preSolution
		Debug|Any CPU = Debug|Any CPU
		Release|Any CPU = Release|Any CPU
	EndGlobalSection
	GlobalSection(ProjectConfigurationPlatforms) = postSolution
		{E13E5D68-5E9F-47C5-9EB3-15167D60C782}.Debug|Any CPU.ActiveCfg = Debug|Any CPU
		{E13E5D68-5E9F-47C5-9EB3-15167D60C782}.Debug|Any CPU.Build.0 = Debug|Any CPU
		{E13E5D68-5E9F-47C5-9EB3-15167D60C782}.Release|Any CPU.ActiveCfg = Release|Any CPU
		{E13E5D68-5E9F-47C5-9EB3-15167D60C782}.Release|Any CPU.Build.0 = Release|Any CPU
		{634C61B9-55DA-47B2-B673-06712DE5AA86}.Debug|Any CPU.ActiveCfg = Debug|Any CPU
		{634C61B9-55DA-47B2-B673-06712DE5AA86}.Debug|Any CPU.Build.0 = Debug|Any CPU
		{634C61B9-55DA-47B2-B673-06712DE5AA86}.Release|Any CPU.ActiveCfg = Release|Any CPU
		{634C61B9-55DA-47B2-B673-06712DE5AA86}.Release|Any CPU.Build.0 = Release|Any CPU
	EndGlobalSection
	GlobalSection(SolutionProperties) = preSolution
		HideSolutionNode = FALSE
	EndGlobalSection
	GlobalSection(ExtensibilityGlobals) = postSolution
		SolutionGuid = {F362732C-064E-4920-A78D-63EF2A28CD0F}
	EndGlobalSection
EndGlobal
